// !$*UTF8*$!
{
	archiveVersion = 1;
	classes = {
	};
	objectVersion = 48;
	objects = {

/* Begin PBXBuildFile section */
		324C9E671FE2811B000D404E /* AppDelegate.m in Sources */ = {isa = PBXBuildFile; fileRef = 324C9E661FE2811B000D404E /* AppDelegate.m */; };
		324C9E6A1FE2811B000D404E /* ViewController.m in Sources */ = {isa = PBXBuildFile; fileRef = 324C9E691FE2811B000D404E /* ViewController.m */; };
		324C9E6D1FE2811B000D404E /* Main.storyboard in Resources */ = {isa = PBXBuildFile; fileRef = 324C9E6B1FE2811B000D404E /* Main.storyboard */; };
		324C9E6F1FE2811B000D404E /* Assets.xcassets in Resources */ = {isa = PBXBuildFile; fileRef = 324C9E6E1FE2811B000D404E /* Assets.xcassets */; };
		324C9E721FE2811B000D404E /* LaunchScreen.storyboard in Resources */ = {isa = PBXBuildFile; fileRef = 324C9E701FE2811B000D404E /* LaunchScreen.storyboard */; };
		324C9E751FE2811B000D404E /* main.m in Sources */ = {isa = PBXBuildFile; fileRef = 324C9E741FE2811B000D404E /* main.m */; };
		324C9E7F1FE2811B000D404E /* AAATests.m in Sources */ = {isa = PBXBuildFile; fileRef = 324C9E7E1FE2811B000D404E /* AAATests.m */; };
		324C9E8A1FE2811B000D404E /* AAAUITests.m in Sources */ = {isa = PBXBuildFile; fileRef = 324C9E891FE2811B000D404E /* AAAUITests.m */; };
/* End PBXBuildFile section */

/* Begin PBXContainerItemProxy section */
		324C9E7B1FE2811B000D404E /* PBXContainerItemProxy */ = {
			isa = PBXContainerItemProxy;
			containerPortal = 324C9E5A1FE2811B000D404E /* Project object */;
			proxyType = 1;
			remoteGlobalIDString = 324C9E611FE2811B000D404E;
			remoteInfo = AAA;
		};
		324C9E861FE2811B000D404E /* PBXContainerItemProxy */ = {
			isa = PBXContainerItemProxy;
			containerPortal = 324C9E5A1FE2811B000D404E /* Project object */;
			proxyType = 1;
			remoteGlobalIDString = 324C9E611FE2811B000D404E;
			remoteInfo = AAA;
		};
/* End PBXContainerItemProxy section */

/* Begin PBXFileReference section */
		324C9E621FE2811B000D404E /* AAA.app */ = {isa = PBXFileReference; explicitFileType = wrapper.application; includeInIndex = 0; path = AAA.app; sourceTree = BUILT_PRODUCTS_DIR; };
		324C9E651FE2811B000D404E /* AppDelegate.h */ = {isa = PBXFileReference; lastKnownFileType = sourcecode.c.h; path = AppDelegate.h; sourceTree = "<group>"; };
		324C9E661FE2811B000D404E /* AppDelegate.m */ = {isa = PBXFileReference; lastKnownFileType = sourcecode.c.objc; path = AppDelegate.m; sourceTree = "<group>"; };
		324C9E681FE2811B000D404E /* ViewController.h */ = {isa = PBXFileReference; lastKnownFileType = sourcecode.c.h; path = ViewController.h; sourceTree = "<group>"; };
		324C9E691FE2811B000D404E /* ViewController.m */ = {isa = PBXFileReference; lastKnownFileType = sourcecode.c.objc; path = ViewController.m; sourceTree = "<group>"; };
		324C9E6C1FE2811B000D404E /* Base */ = {isa = PBXFileReference; lastKnownFileType = file.storyboard; name = Base; path = Base.lproj/Main.storyboard; sourceTree = "<group>"; };
		324C9E6E1FE2811B000D404E /* Assets.xcassets */ = {isa = PBXFileReference; lastKnownFileType = folder.assetcatalog; path = Assets.xcassets; sourceTree = "<group>"; };
		324C9E711FE2811B000D404E /* Base */ = {isa = PBXFileReference; lastKnownFileType = file.storyboard; name = Base; path = Base.lproj/LaunchScreen.storyboard; sourceTree = "<group>"; };
		324C9E731FE2811B000D404E /* Info.plist */ = {isa = PBXFileReference; lastKnownFileType = text.plist.xml; path = Info.plist; sourceTree = "<group>"; };
		324C9E741FE2811B000D404E /* main.m */ = {isa = PBXFileReference; lastKnownFileType = sourcecode.c.objc; path = main.m; sourceTree = "<group>"; };
		324C9E7A1FE2811B000D404E /* AAATests.xctest */ = {isa = PBXFileReference; explicitFileType = wrapper.cfbundle; includeInIndex = 0; path = AAATests.xctest; sourceTree = BUILT_PRODUCTS_DIR; };
		324C9E7E1FE2811B000D404E /* AAATests.m */ = {isa = PBXFileReference; lastKnownFileType = sourcecode.c.objc; path = AAATests.m; sourceTree = "<group>"; };
		324C9E801FE2811B000D404E /* Info.plist */ = {isa = PBXFileReference; lastKnownFileType = text.plist.xml; path = Info.plist; sourceTree = "<group>"; };
		324C9E851FE2811B000D404E /* AAAUITests.xctest */ = {isa = PBXFileReference; explicitFileType = wrapper.cfbundle; includeInIndex = 0; path = AAAUITests.xctest; sourceTree = BUILT_PRODUCTS_DIR; };
		324C9E891FE2811B000D404E /* AAAUITests.m */ = {isa = PBXFileReference; lastKnownFileType = sourcecode.c.objc; path = AAAUITests.m; sourceTree = "<group>"; };
		324C9E8B1FE2811B000D404E /* Info.plist */ = {isa = PBXFileReference; lastKnownFileType = text.plist.xml; path = Info.plist; sourceTree = "<group>"; };
/* End PBXFileReference section */

/* Begin PBXFrameworksBuildPhase section */
		324C9E5F1FE2811B000D404E /* Frameworks */ = {
			isa = PBXFrameworksBuildPhase;
			buildActionMask = 2147483647;
			files = (
			);
			runOnlyForDeploymentPostprocessing = 0;
		};
		324C9E771FE2811B000D404E /* Frameworks */ = {
			isa = PBXFrameworksBuildPhase;
			buildActionMask = 2147483647;
			files = (
			);
			runOnlyForDeploymentPostprocessing = 0;
		};
		324C9E821FE2811B000D404E /* Frameworks */ = {
			isa = PBXFrameworksBuildPhase;
			buildActionMask = 2147483647;
			files = (
			);
			runOnlyForDeploymentPostprocessing = 0;
		};
/* End PBXFrameworksBuildPhase section */

/* Begin PBXGroup section */
		324C9E591FE2811B000D404E = {
			isa = PBXGroup;
			children = (
				324C9E641FE2811B000D404E /* AAA */,
				324C9E7D1FE2811B000D404E /* AAATests */,
				324C9E881FE2811B000D404E /* AAAUITests */,
				324C9E631FE2811B000D404E /* Products */,
			);
			sourceTree = "<group>";
		};
		324C9E631FE2811B000D404E /* Products */ = {
			isa = PBXGroup;
			children = (
				324C9E621FE2811B000D404E /* AAA.app */,
				324C9E7A1FE2811B000D404E /* AAATests.xctest */,
				324C9E851FE2811B000D404E /* AAAUITests.xctest */,
			);
			name = Products;
			sourceTree = "<group>";
		};
		324C9E641FE2811B000D404E /* AAA */ = {
			isa = PBXGroup;
			children = (
				324C9E651FE2811B000D404E /* AppDelegate.h */,
				324C9E661FE2811B000D404E /* AppDelegate.m */,
				324C9E681FE2811B000D404E /* ViewController.h */,
				324C9E691FE2811B000D404E /* ViewController.m */,
				324C9E6B1FE2811B000D404E /* Main.storyboard */,
				324C9E6E1FE2811B000D404E /* Assets.xcassets */,
				324C9E701FE2811B000D404E /* LaunchScreen.storyboard */,
				324C9E731FE2811B000D404E /* Info.plist */,
				324C9E741FE2811B000D404E /* main.m */,
			);
			path = AAA;
			sourceTree = "<group>";
		};
		324C9E7D1FE2811B000D404E /* AAATests */ = {
			isa = PBXGroup;
			children = (
				324C9E7E1FE2811B000D404E /* AAATests.m */,
				324C9E801FE2811B000D404E /* Info.plist */,
			);
			path = AAATests;
			sourceTree = "<group>";
		};
		324C9E881FE2811B000D404E /* AAAUITests */ = {
			isa = PBXGroup;
			children = (
				324C9E891FE2811B000D404E /* AAAUITests.m */,
				324C9E8B1FE2811B000D404E /* Info.plist */,
			);
			path = AAAUITests;
			sourceTree = "<group>";
		};
/* End PBXGroup section */

/* Begin PBXNativeTarget section */
		324C9E611FE2811B000D404E /* AAA */ = {
			isa = PBXNativeTarget;
			buildConfigurationList = 324C9E8E1FE2811B000D404E /* Build configuration list for PBXNativeTarget "AAA" */;
			buildPhases = (
				324C9E5E1FE2811B000D404E /* Sources */,
				324C9E5F1FE2811B000D404E /* Frameworks */,
				324C9E601FE2811B000D404E /* Resources */,
			);
			buildRules = (
			);
			dependencies = (
			);
			name = AAA;
			productName = AAA;
			productReference = 324C9E621FE2811B000D404E /* AAA.app */;
			productType = "com.apple.product-type.application";
		};
		324C9E791FE2811B000D404E /* AAATests */ = {
			isa = PBXNativeTarget;
			buildConfigurationList = 324C9E911FE2811B000D404E /* Build configuration list for PBXNativeTarget "AAATests" */;
			buildPhases = (
				324C9E761FE2811B000D404E /* Sources */,
				324C9E771FE2811B000D404E /* Frameworks */,
				324C9E781FE2811B000D404E /* Resources */,
			);
			buildRules = (
			);
			dependencies = (
				324C9E7C1FE2811B000D404E /* PBXTargetDependency */,
			);
			name = AAATests;
			productName = AAATests;
			productReference = 324C9E7A1FE2811B000D404E /* AAATests.xctest */;
			productType = "com.apple.product-type.bundle.unit-test";
		};
		324C9E841FE2811B000D404E /* AAAUITests */ = {
			isa = PBXNativeTarget;
			buildConfigurationList = 324C9E941FE2811B000D404E /* Build configuration list for PBXNativeTarget "AAAUITests" */;
			buildPhases = (
				324C9E811FE2811B000D404E /* Sources */,
				324C9E821FE2811B000D404E /* Frameworks */,
				324C9E831FE2811B000D404E /* Resources */,
			);
			buildRules = (
			);
			dependencies = (
				324C9E871FE2811B000D404E /* PBXTargetDependency */,
			);
			name = AAAUITests;
			productName = AAAUITests;
			productReference = 324C9E851FE2811B000D404E /* AAAUITests.xctest */;
			productType = "com.apple.product-type.bundle.ui-testing";
		};
/* End PBXNativeTarget section */

/* Begin PBXProject section */
		324C9E5A1FE2811B000D404E /* Project object */ = {
			isa = PBXProject;
			attributes = {
				LastUpgradeCheck = 0920;
				ORGANIZATIONNAME = YunBao;
				TargetAttributes = {
					324C9E611FE2811B000D404E = {
						CreatedOnToolsVersion = 9.2;
						ProvisioningStyle = Automatic;
					};
					324C9E791FE2811B000D404E = {
						CreatedOnToolsVersion = 9.2;
						ProvisioningStyle = Automatic;
						TestTargetID = 324C9E611FE2811B000D404E;
					};
					324C9E841FE2811B000D404E = {
						CreatedOnToolsVersion = 9.2;
						ProvisioningStyle = Automatic;
						TestTargetID = 324C9E611FE2811B000D404E;
					};
				};
			};
			buildConfigurationList = 324C9E5D1FE2811B000D404E /* Build configuration list for PBXProject "AAA" */;
			compatibilityVersion = "Xcode 8.0";
			developmentRegion = en;
			hasScannedForEncodings = 0;
			knownRegions = (
				en,
				Base,
			);
			mainGroup = 324C9E591FE2811B000D404E;
			productRefGroup = 324C9E631FE2811B000D404E /* Products */;
			projectDirPath = "";
			projectRoot = "";
			targets = (
				324C9E611FE2811B000D404E /* AAA */,
				324C9E791FE2811B000D404E /* AAATests */,
				324C9E841FE2811B000D404E /* AAAUITests */,
			);
		};
/* End PBXProject section */

/* Begin PBXResourcesBuildPhase section */
		324C9E601FE2811B000D404E /* Resources */ = {
			isa = PBXResourcesBuildPhase;
			buildActionMask = 2147483647;
			files = (
				324C9E721FE2811B000D404E /* LaunchScreen.storyboard in Resources */,
				324C9E6F1FE2811B000D404E /* Assets.xcassets in Resources */,
				324C9E6D1FE2811B000D404E /* Main.storyboard in Resources */,
			);
			runOnlyForDeploymentPostprocessing = 0;
		};
		324C9E781FE2811B000D404E /* Resources */ = {
			isa = PBXResourcesBuildPhase;
			buildActionMask = 2147483647;
			files = (
			);
			runOnlyForDeploymentPostprocessing = 0;
		};
		324C9E831FE2811B000D404E /* Resources */ = {
			isa = PBXResourcesBuildPhase;
			buildActionMask = 2147483647;
			files = (
			);
			runOnlyForDeploymentPostprocessing = 0;
		};
/* End PBXResourcesBuildPhase section */

/* Begin PBXSourcesBuildPhase section */
		324C9E5E1FE2811B000D404E /* Sources */ = {
			isa = PBXSourcesBuildPhase;
			buildActionMask = 2147483647;
			files = (
				324C9E6A1FE2811B000D404E /* ViewController.m in Sources */,
				324C9E751FE2811B000D404E /* main.m in Sources */,
				324C9E671FE2811B000D404E /* AppDelegate.m in Sources */,
			);
			runOnlyForDeploymentPostprocessing = 0;
		};
		324C9E761FE2811B000D404E /* Sources */ = {
			isa = PBXSourcesBuildPhase;
			buildActionMask = 2147483647;
			files = (
				324C9E7F1FE2811B000D404E /* AAATests.m in Sources */,
			);
			runOnlyForDeploymentPostprocessing = 0;
		};
		324C9E811FE2811B000D404E /* Sources */ = {
			isa = PBXSourcesBuildPhase;
			buildActionMask = 2147483647;
			files = (
				324C9E8A1FE2811B000D404E /* AAAUITests.m in Sources */,
			);
			runOnlyForDeploymentPostprocessing = 0;
		};
/* End PBXSourcesBuildPhase section */

/* Begin PBXTargetDependency section */
		324C9E7C1FE2811B000D404E /* PBXTargetDependency */ = {
			isa = PBXTargetDependency;
			target = 324C9E611FE2811B000D404E /* AAA */;
			targetProxy = 324C9E7B1FE2811B000D404E /* PBXContainerItemProxy */;
		};
		324C9E871FE2811B000D404E /* PBXTargetDependency */ = {
			isa = PBXTargetDependency;
			target = 324C9E611FE2811B000D404E /* AAA */;
			targetProxy = 324C9E861FE2811B000D404E /* PBXContainerItemProxy */;
		};
/* End PBXTargetDependency section */

/* Begin PBXVariantGroup section */
		324C9E6B1FE2811B000D404E /* Main.storyboard */ = {
			isa = PBXVariantGroup;
			children = (
				324C9E6C1FE2811B000D404E /* Base */,
			);
			name = Main.storyboard;
			sourceTree = "<group>";
		};
		324C9E701FE2811B000D404E /* LaunchScreen.storyboard */ = {
			isa = PBXVariantGroup;
			children = (
				324C9E711FE2811B000D404E /* Base */,
			);
			name = LaunchScreen.storyboard;
			sourceTree = "<group>";
		};
/* End PBXVariantGroup section */

/* Begin XCBuildConfiguration section */
		324C9E8C1FE2811B000D404E /* Debug */ = {
			isa = XCBuildConfiguration;
			buildSettings = {
				ALWAYS_SEARCH_USER_PATHS = NO;
				CLANG_ANALYZER_NONNULL = YES;
				CLANG_ANALYZER_NUMBER_OBJECT_CONVERSION = YES_AGGRESSIVE;
				CLANG_CXX_LANGUAGE_STANDARD = "gnu++14";
				CLANG_CXX_LIBRARY = "libc++";
				CLANG_ENABLE_MODULES = YES;
				CLANG_ENABLE_OBJC_ARC = YES;
				CLANG_WARN_BLOCK_CAPTURE_AUTORELEASING = YES;
				CLANG_WARN_BOOL_CONVERSION = YES;
				CLANG_WARN_COMMA = YES;
				CLANG_WARN_CONSTANT_CONVERSION = YES;
				CLANG_WARN_DIRECT_OBJC_ISA_USAGE = YES_ERROR;
				CLANG_WARN_DOCUMENTATION_COMMENTS = YES;
				CLANG_WARN_EMPTY_BODY = YES;
				CLANG_WARN_ENUM_CONVERSION = YES;
				CLANG_WARN_INFINITE_RECURSION = YES;
				CLANG_WARN_INT_CONVERSION = YES;
				CLANG_WARN_NON_LITERAL_NULL_CONVERSION = YES;
				CLANG_WARN_OBJC_LITERAL_CONVERSION = YES;
				CLANG_WARN_OBJC_ROOT_CLASS = YES_ERROR;
				CLANG_WARN_RANGE_LOOP_ANALYSIS = YES;
				CLANG_WARN_STRICT_PROTOTYPES = YES;
				CLANG_WARN_SUSPICIOUS_MOVE = YES;
				CLANG_WARN_UNGUARDED_AVAILABILITY = YES_AGGRESSIVE;
				CLANG_WARN_UNREACHABLE_CODE = YES;
				CLANG_WARN__DUPLICATE_METHOD_MATCH = YES;
				CODE_SIGN_IDENTITY = "iPhone Developer";
				COPY_PHASE_STRIP = NO;
				DEBUG_INFORMATION_FORMAT = dwarf;
				ENABLE_STRICT_OBJC_MSGSEND = YES;
				ENABLE_TESTABILITY = YES;
				GCC_C_LANGUAGE_STANDARD = gnu11;
				GCC_DYNAMIC_NO_PIC = NO;
				GCC_NO_COMMON_BLOCKS = YES;
				GCC_OPTIMIZATION_LEVEL = 0;
				GCC_PREPROCESSOR_DEFINITIONS = (
					"DEBUG=1",
					"$(inherited)",
				);
				GCC_WARN_64_TO_32_BIT_CONVERSION = YES;
				GCC_WARN_ABOUT_RETURN_TYPE = YES_ERROR;
				GCC_WARN_UNDECLARED_SELECTOR = YES;
				GCC_WARN_UNINITIALIZED_AUTOS = YES_AGGRESSIVE;
				GCC_WARN_UNUSED_FUNCTION = YES;
				GCC_WARN_UNUSED_VARIABLE = YES;
				IPHONEOS_DEPLOYMENT_TARGET = 11.2;
				MTL_ENABLE_DEBUG_INFO = YES;
				ONLY_ACTIVE_ARCH = YES;
				SDKROOT = iphoneos;
			};
			name = Debug;
		};
		324C9E8D1FE2811B000D404E /* Release */ = {
			isa = XCBuildConfiguration;
			buildSettings = {
				ALWAYS_SEARCH_USER_PATHS = NO;
				CLANG_ANALYZER_NONNULL = YES;
				CLANG_ANALYZER_NUMBER_OBJECT_CONVERSION = YES_AGGRESSIVE;
				CLANG_CXX_LANGUAGE_STANDARD = "gnu++14";
				CLANG_CXX_LIBRARY = "libc++";
				CLANG_ENABLE_MODULES = YES;
				CLANG_ENABLE_OBJC_ARC = YES;
				CLANG_WARN_BLOCK_CAPTURE_AUTORELEASING = YES;
				CLANG_WARN_BOOL_CONVERSION = YES;
				CLANG_WARN_COMMA = YES;
				CLANG_WARN_CONSTANT_CONVERSION = YES;
				CLANG_WARN_DIRECT_OBJC_ISA_USAGE = YES_ERROR;
				CLANG_WARN_DOCUMENTATION_COMMENTS = YES;
				CLANG_WARN_EMPTY_BODY = YES;
				CLANG_WARN_ENUM_CONVERSION = YES;
				CLANG_WARN_INFINITE_RECURSION = YES;
				CLANG_WARN_INT_CONVERSION = YES;
				CLANG_WARN_NON_LITERAL_NULL_CONVERSION = YES;
				CLANG_WARN_OBJC_LITERAL_CONVERSION = YES;
				CLANG_WARN_OBJC_ROOT_CLASS = YES_ERROR;
				CLANG_WARN_RANGE_LOOP_ANALYSIS = YES;
				CLANG_WARN_STRICT_PROTOTYPES = YES;
				CLANG_WARN_SUSPICIOUS_MOVE = YES;
				CLANG_WARN_UNGUARDED_AVAILABILITY = YES_AGGRESSIVE;
				CLANG_WARN_UNREACHABLE_CODE = YES;
				CLANG_WARN__DUPLICATE_METHOD_MATCH = YES;
				CODE_SIGN_IDENTITY = "iPhone Developer";
				COPY_PHASE_STRIP = NO;
				DEBUG_INFORMATION_FORMAT = "dwarf-with-dsym";
				ENABLE_NS_ASSERTIONS = NO;
				ENABLE_STRICT_OBJC_MSGSEND = YES;
				GCC_C_LANGUAGE_STANDARD = gnu11;
				GCC_NO_COMMON_BLOCKS = YES;
				GCC_WARN_64_TO_32_BIT_CONVERSION = YES;
				GCC_WARN_ABOUT_RETURN_TYPE = YES_ERROR;
				GCC_WARN_UNDECLARED_SELECTOR = YES;
				GCC_WARN_UNINITIALIZED_AUTOS = YES_AGGRESSIVE;
				GCC_WARN_UNUSED_FUNCTION = YES;
				GCC_WARN_UNUSED_VARIABLE = YES;
				IPHONEOS_DEPLOYMENT_TARGET = 11.2;
				MTL_ENABLE_DEBUG_INFO = NO;
				SDKROOT = iphoneos;
				VALIDATE_PRODUCT = YES;
			};
			name = Release;
		};
		324C9E8F1FE2811B000D404E /* Debug */ = {
			isa = XCBuildConfiguration;
			buildSettings = {
				ASSETCATALOG_COMPILER_APPICON_NAME = AppIcon;
				CODE_SIGN_STYLE = Automatic;
				INFOPLIST_FILE = AAA/Info.plist;
				LD_RUNPATH_SEARCH_PATHS = "$(inherited) @executable_path/Frameworks";
				PRODUCT_BUNDLE_IDENTIFIER = com.freedom.AAA;
				PRODUCT_NAME = "$(TARGET_NAME)";
				TARGETED_DEVICE_FAMILY = "1,2";
			};
			name = Debug;
		};
		324C9E901FE2811B000D404E /* Release */ = {
			isa = XCBuildConfiguration;
			buildSettings = {
				ASSETCATALOG_COMPILER_APPICON_NAME = AppIcon;
				CODE_SIGN_STYLE = Automatic;
				INFOPLIST_FILE = AAA/Info.plist;
				LD_RUNPATH_SEARCH_PATHS = "$(inherited) @executable_path/Frameworks";
				PRODUCT_BUNDLE_IDENTIFIER = com.freedom.AAA;
				PRODUCT_NAME = "$(TARGET_NAME)";
				TARGETED_DEVICE_FAMILY = "1,2";
			};
			name = Release;
		};
		324C9E921FE2811B000D404E /* Debug */ = {
			isa = XCBuildConfiguration;
			buildSettings = {
				BUNDLE_LOADER = "$(TEST_HOST)";
				CODE_SIGN_STYLE = Automatic;
				INFOPLIST_FILE = AAATests/Info.plist;
				LD_RUNPATH_SEARCH_PATHS = "$(inherited) @executable_path/Frameworks @loader_path/Frameworks";
				PRODUCT_BUNDLE_IDENTIFIER = com.freedom.AAATests;
				PRODUCT_NAME = "$(TARGET_NAME)";
				TARGETED_DEVICE_FAMILY = "1,2";
				TEST_HOST = "$(BUILT_PRODUCTS_DIR)/AAA.app/AAA";
			};
			name = Debug;
		};
		324C9E931FE2811B000D404E /* Release */ = {
			isa = XCBuildConfiguration;
			buildSettings = {
				BUNDLE_LOADER = "$(TEST_HOST)";
				CODE_SIGN_STYLE = Automatic;
				INFOPLIST_FILE = AAATests/Info.plist;
				LD_RUNPATH_SEARCH_PATHS = "$(inherited) @executable_path/Frameworks @loader_path/Frameworks";
				PRODUCT_BUNDLE_IDENTIFIER = com.freedom.AAATests;
				PRODUCT_NAME = "$(TARGET_NAME)";
				TARGETED_DEVICE_FAMILY = "1,2";
				TEST_HOST = "$(BUILT_PRODUCTS_DIR)/AAA.app/AAA";
			};
			name = Release;
		};
		324C9E951FE2811B000D404E /* Debug */ = {
			isa = XCBuildConfiguration;
			buildSettings = {
				CODE_SIGN_STYLE = Automatic;
				INFOPLIST_FILE = AAAUITests/Info.plist;
				LD_RUNPATH_SEARCH_PATHS = "$(inherited) @executable_path/Frameworks @loader_path/Frameworks";
				PRODUCT_BUNDLE_IDENTIFIER = com.freedom.AAAUITests;
				PRODUCT_NAME = "$(TARGET_NAME)";
				TARGETED_DEVICE_FAMILY = "1,2";
				TEST_TARGET_NAME = AAA;
			};
			name = Debug;
		};
		324C9E961FE2811B000D404E /* Release */ = {
			isa = XCBuildConfiguration;
			buildSettings = {
				CODE_SIGN_STYLE = Automatic;
				INFOPLIST_FILE = AAAUITests/Info.plist;
				LD_RUNPATH_SEARCH_PATHS = "$(inherited) @executable_path/Frameworks @loader_path/Frameworks";
				PRODUCT_BUNDLE_IDENTIFIER = com.freedom.AAAUITests;
				PRODUCT_NAME = "$(TARGET_NAME)";
				TARGETED_DEVICE_FAMILY = "1,2";
				TEST_TARGET_NAME = AAA;
			};
			name = Release;
		};
/* End XCBuildConfiguration section */

/* Begin XCConfigurationList section */
		324C9E5D1FE2811B000D404E /* Build configuration list for PBXProject "AAA" */ = {
			isa = XCConfigurationList;
			buildConfigurations = (
				324C9E8C1FE2811B000D404E /* Debug */,
				324C9E8D1FE2811B000D404E /* Release */,
			);
			defaultConfigurationIsVisible = 0;
			defaultConfigurationName = Release;
		};
		324C9E8E1FE2811B000D404E /* Build configuration list for PBXNativeTarget "AAA" */ = {
			isa = XCConfigurationList;
			buildConfigurations = (
				324C9E8F1FE2811B000D404E /* Debug */,
				324C9E901FE2811B000D404E /* Release */,
			);
			defaultConfigurationIsVisible = 0;
			defaultConfigurationName = Release;
		};
		324C9E911FE2811B000D404E /* Build configuration list for PBXNativeTarget "AAATests" */ = {
			isa = XCConfigurationList;
			buildConfigurations = (
				324C9E921FE2811B000D404E /* Debug */,
				324C9E931FE2811B000D404E /* Release */,
			);
			defaultConfigurationIsVisible = 0;
			defaultConfigurationName = Release;
		};
		324C9E941FE2811B000D404E /* Build configuration list for PBXNativeTarget "AAAUITests" */ = {
			isa = XCConfigurationList;
			buildConfigurations = (
				324C9E951FE2811B000D404E /* Debug */,
				324C9E961FE2811B000D404E /* Release */,
			);
			defaultConfigurationIsVisible = 0;
			defaultConfigurationName = Release;
		};
/* End XCConfigurationList section */
	};
	rootObject = 324C9E5A1FE2811B000D404E /* Project object */;
}
